{
  "name": "invoice-chain",
  "version": "1.0.0",
  "lockfileVersion": 3,
  "requires": true,
  "packages": {
    "": {
      "name": "invoice-chain",
      "version": "1.0.0",
      "license": "MIT",
      "bin": {
        "compact": "bin/compact.js",
        "compactc": "bin/compact.js"
      }
    }
  }
}
